{
  "name": "@woofjs/examples",
  "version": "0.1.2",
  "lockfileVersion": 2,
  "requires": true,
  "packages": {
    "": {
      "name": "@woofjs/examples",
      "version": "0.1.0",
      "license": "MIT",
      "devDependencies": {
        "@woofjs/client": "../client"
      }
    },
    "../app": {
      "version": "0.1.0",
      "extraneous": true,
      "license": "MIT",
      "devDependencies": {
        "@testing-library/dom": "^8.11.1",
        "@types/jest": "^27.0.2",
        "@types/node": "^16.11.7",
        "@woofjs/router": "^0.1.0",
        "@woofjs/state": "^0.1.6",
        "callsite": "^1.0.0",
        "color-hash": "^2.0.1",
        "es-jest": "^1.5.0",
        "esbuild": "^0.14.11",
        "history": "^5.2.0",
        "http-server": "^14.0.0",
        "jest": "^27.4.7"
      }
    },
    "../client": {
      "name": "@woofjs/client",
      "version": "0.9.1",
      "dev": true,
      "license": "MIT",
      "devDependencies": {
        "@testing-library/dom": "^8.11.3",
        "@types/jest": "^27.4.1",
        "@types/node": "^17.0.21",
        "@woofjs/router": "^0.1.0",
        "@woofjs/state": "^0.1.11",
        "color-hash": "^2.0.1",
        "es-jest": "^1.5.0",
        "esbuild": "^0.14.25",
        "history": "^5.3.0",
        "http-server": "^14.1.0",
        "jest": "^27.5.1"
      }
    },
    "node_modules/@woofjs/client": {
      "resolved": "../client",
      "link": true
    }
  },
  "dependencies": {
    "@woofjs/client": {
      "version": "file:../client",
      "requires": {
        "@testing-library/dom": "^8.11.3",
        "@types/jest": "^27.4.1",
        "@types/node": "^17.0.21",
        "@woofjs/router": "^0.1.0",
        "@woofjs/state": "^0.1.11",
        "color-hash": "^2.0.1",
        "es-jest": "^1.5.0",
        "esbuild": "^0.14.25",
        "history": "^5.3.0",
        "http-server": "^14.1.0",
        "jest": "^27.5.1"
      }
    }
  }
}
