{
  "name": "create-woof-app",
  "version": "0.0.2",
  "lockfileVersion": 2,
  "requires": true,
  "packages": {
    "": {
      "name": "create-woof-app",
      "version": "0.0.1",
      "license": "MIT",
      "dependencies": {
        "@ratwizard/cli": "^0.17.0"
      },
      "bin": {
        "woof-build": "program.js"
      }
    },
    "node_modules/@ratwizard/cli": {
      "version": "0.17.0",
      "resolved": "https://registry.npmjs.org/@ratwizard/cli/-/cli-0.17.0.tgz",
      "integrity": "sha512-f6DKt60Fe/F8DfLC5iF/pros1Km3rpWE8o0KfIDqmDR0Crqy0q1I72XauEyvPzfQYkHqCxpNc0nKfHDfetDNeQ==",
      "dependencies": {
        "ansi-colors": "^4.1.1",
        "callsite": "^1.0.0",
        "he": "^1.2.0"
      }
    },
    "node_modules/ansi-colors": {
      "version": "4.1.3",
      "resolved": "https://registry.npmjs.org/ansi-colors/-/ansi-colors-4.1.3.tgz",
      "integrity": "sha512-/6w/C21Pm1A7aZitlI5Ni/2J6FFQN8i1Cvz3kHABAAbw93v/NlvKdVOqz7CCWz/3iv/JplRSEEZ83XION15ovw==",
      "engines": {
        "node": ">=6"
      }
    },
    "node_modules/callsite": {
      "version": "1.0.0",
      "resolved": "https://registry.npmjs.org/callsite/-/callsite-1.0.0.tgz",
      "integrity": "sha512-0vdNRFXn5q+dtOqjfFtmtlI9N2eVZ7LMyEV2iKC5mEEFvSg/69Ml6b/WU2qF8W1nLRa0wiSrDT3Y5jOHZCwKPQ==",
      "engines": {
        "node": "*"
      }
    },
    "node_modules/he": {
      "version": "1.2.0",
      "resolved": "https://registry.npmjs.org/he/-/he-1.2.0.tgz",
      "integrity": "sha512-F/1DnUGPopORZi0ni+CvrCgHQ5FyEAHRLSApuYWMmrbSwoN2Mn/7k+Gl38gJnR7yyDZk6WLXwiGod1JOWNDKGw==",
      "bin": {
        "he": "bin/he"
      }
    }
  },
  "dependencies": {
    "@ratwizard/cli": {
      "version": "0.17.0",
      "resolved": "https://registry.npmjs.org/@ratwizard/cli/-/cli-0.17.0.tgz",
      "integrity": "sha512-f6DKt60Fe/F8DfLC5iF/pros1Km3rpWE8o0KfIDqmDR0Crqy0q1I72XauEyvPzfQYkHqCxpNc0nKfHDfetDNeQ==",
      "requires": {
        "ansi-colors": "^4.1.1",
        "callsite": "^1.0.0",
        "he": "^1.2.0"
      }
    },
    "ansi-colors": {
      "version": "4.1.3",
      "resolved": "https://registry.npmjs.org/ansi-colors/-/ansi-colors-4.1.3.tgz",
      "integrity": "sha512-/6w/C21Pm1A7aZitlI5Ni/2J6FFQN8i1Cvz3kHABAAbw93v/NlvKdVOqz7CCWz/3iv/JplRSEEZ83XION15ovw=="
    },
    "callsite": {
      "version": "1.0.0",
      "resolved": "https://registry.npmjs.org/callsite/-/callsite-1.0.0.tgz",
      "integrity": "sha512-0vdNRFXn5q+dtOqjfFtmtlI9N2eVZ7LMyEV2iKC5mEEFvSg/69Ml6b/WU2qF8W1nLRa0wiSrDT3Y5jOHZCwKPQ=="
    },
    "he": {
      "version": "1.2.0",
      "resolved": "https://registry.npmjs.org/he/-/he-1.2.0.tgz",
      "integrity": "sha512-F/1DnUGPopORZi0ni+CvrCgHQ5FyEAHRLSApuYWMmrbSwoN2Mn/7k+Gl38gJnR7yyDZk6WLXwiGod1JOWNDKGw=="
    }
  }
}
